schema: '2.0'
stages:
  data_ingestion:
    cmd: python src/cnnClassifier/pipeline/stage_01_data_ingestion.py
    deps:
    - path: config/config.yaml
      hash: md5
      md5: 89205b5d9eab79dd98f4072021b95484
      size: 769
    - path: src/cnnClassifier/pipeline/stage_01_data_ingestion.py
      hash: md5
      md5: e5cfbf18a2d705ae95e4802a491c1d69
      size: 868
    outs:
    - path: artifacts/data_ingestion/Chicken-fecal-images
      hash: md5
      md5: 9e1f8dd2eae3c29e9d635df89d438ae4.dir
      size: 12207807
      nfiles: 390
  prepare_base_model:
    cmd: python src/cnnClassifier/pipeline/stage_02_prepare_base_model.py
    deps:
    - path: config/config.yaml
      hash: md5
      md5: 89205b5d9eab79dd98f4072021b95484
      size: 769
    - path: src/cnnClassifier/pipeline/stage_02_prepare_base_model.py
      hash: md5
      md5: 93a0f1b71a9f263fcc8b37a4ddd1299a
      size: 959
    params:
      params.yaml:
        CLASSES: 2
        IMAGE_SIZE:
        - 224
        - 224
        - 3
        INCLUDE_TOP: false
        LEARNING_RATE: 0.01
        WEIGHTS: imagenet
    outs:
    - path: artifacts/prepare_base_model
      hash: md5
      md5: 3cf9397cb9e94a1f63c6c4415f17d469.dir
      size: 118059248
      nfiles: 2
  training:
    cmd: python src/cnnClassifier/pipeline/stage_03_training.py
    deps:
    - path: artifacts/data_ingestion/Chicken-fecal-images
      hash: md5
      md5: 9e1f8dd2eae3c29e9d635df89d438ae4.dir
      size: 12207807
      nfiles: 390
    - path: artifacts/prepare_base_model
      hash: md5
      md5: 3cf9397cb9e94a1f63c6c4415f17d469.dir
      size: 118059248
      nfiles: 2
    - path: config/config.yaml
      hash: md5
      md5: 89205b5d9eab79dd98f4072021b95484
      size: 769
    - path: src/cnnClassifier/components/prepare_callbacks.py
      hash: md5
      md5: 9c61e42aebdce32da947aed94b4aec2d
      size: 975
    - path: src/cnnClassifier/pipeline/stage_03_training.py
      hash: md5
      md5: 5d76c0fbd7757b258dc72db6717c959c
      size: 1208
    params:
      params.yaml:
        AUGMENTATION: true
        BATCH_SIZE: 16
        EPOCHS: 1
        IMAGE_SIZE:
        - 224
        - 224
        - 3
    outs:
    - path: artifacts/training/model.h5
      hash: md5
      md5: fe9bf72fcad5b539425b8ab3fede6cf9
      size: 59545056
  evaluation:
    cmd: python src/cnnClassifier/pipeline/stage_04_evaluation.py
    deps:
    - path: artifacts/data_ingestion/Chicken-fecal-images
      hash: md5
      md5: 9e1f8dd2eae3c29e9d635df89d438ae4.dir
      size: 12207807
      nfiles: 390
    - path: artifacts/training/model.h5
      hash: md5
      md5: fe9bf72fcad5b539425b8ab3fede6cf9
      size: 59545056
    - path: config/config.yaml
      hash: md5
      md5: 89205b5d9eab79dd98f4072021b95484
      size: 769
    - path: src/cnnClassifier/pipeline/stage_04_evaluation.py
      hash: md5
      md5: 1fb3bfc7ed76390342b9651adf5f5b33
      size: 840
    params:
      params.yaml:
        BATCH_SIZE: 16
        IMAGE_SIZE:
        - 224
        - 224
        - 3
    outs:
    - path: scores.json
      hash: md5
      md5: 3e73010badfd65f8d04db9e6cf5c8eaa
      size: 74
